// !$*UTF8*$!
{
	archiveVersion = 1;
	classes = {
	};
	objectVersion = 46;
	objects = {

/* Begin PBXBuildFile section */
		8D24C4C41A15560A0008AC10 /* YQParseAnalytics.m in Sources */ = {isa = PBXBuildFile; fileRef = 8D24C4C31A15560A0008AC10 /* YQParseAnalytics.m */; };
		8D86D39A19DBA60C00375DF8 /* Foundation.framework in Frameworks */ = {isa = PBXBuildFile; fileRef = 8D86D39919DBA60C00375DF8 /* Foundation.framework */; };
		8D86D39C19DBA60C00375DF8 /* CoreGraphics.framework in Frameworks */ = {isa = PBXBuildFile; fileRef = 8D86D39B19DBA60C00375DF8 /* CoreGraphics.framework */; };
		8D86D39E19DBA60D00375DF8 /* UIKit.framework in Frameworks */ = {isa = PBXBuildFile; fileRef = 8D86D39D19DBA60D00375DF8 /* UIKit.framework */; };
		8D86D3A419DBA60D00375DF8 /* InfoPlist.strings in Resources */ = {isa = PBXBuildFile; fileRef = 8D86D3A219DBA60D00375DF8 /* InfoPlist.strings */; };
		8D86D3A619DBA60D00375DF8 /* main.m in Sources */ = {isa = PBXBuildFile; fileRef = 8D86D3A519DBA60D00375DF8 /* main.m */; };
		8D86D3AA19DBA60D00375DF8 /* AppDelegate.m in Sources */ = {isa = PBXBuildFile; fileRef = 8D86D3A919DBA60D00375DF8 /* AppDelegate.m */; };
		8D86D3AD19DBA60D00375DF8 /* Main.storyboard in Resources */ = {isa = PBXBuildFile; fileRef = 8D86D3AB19DBA60D00375DF8 /* Main.storyboard */; };
		8D86D3B019DBA60D00375DF8 /* ViewController.m in Sources */ = {isa = PBXBuildFile; fileRef = 8D86D3AF19DBA60D00375DF8 /* ViewController.m */; };
		8D86D3B219DBA60D00375DF8 /* Images.xcassets in Resources */ = {isa = PBXBuildFile; fileRef = 8D86D3B119DBA60D00375DF8 /* Images.xcassets */; };
		8D86D3B919DBA60D00375DF8 /* XCTest.framework in Frameworks */ = {isa = PBXBuildFile; fileRef = 8D86D3B819DBA60D00375DF8 /* XCTest.framework */; };
		8D86D3BA19DBA60D00375DF8 /* Foundation.framework in Frameworks */ = {isa = PBXBuildFile; fileRef = 8D86D39919DBA60C00375DF8 /* Foundation.framework */; };
		8D86D3BB19DBA60D00375DF8 /* UIKit.framework in Frameworks */ = {isa = PBXBuildFile; fileRef = 8D86D39D19DBA60D00375DF8 /* UIKit.framework */; };
		8D86D3C319DBA60E00375DF8 /* InfoPlist.strings in Resources */ = {isa = PBXBuildFile; fileRef = 8D86D3C119DBA60E00375DF8 /* InfoPlist.strings */; };
		8D86D3C519DBA60E00375DF8 /* YQParse_ExampleTests.m in Sources */ = {isa = PBXBuildFile; fileRef = 8D86D3C419DBA60E00375DF8 /* YQParse_ExampleTests.m */; };
		8D86D3F019DBA88800375DF8 /* YQHTTPRequestOperation.m in Sources */ = {isa = PBXBuildFile; fileRef = 8D86D3D119DBA88800375DF8 /* YQHTTPRequestOperation.m */; };
		8D86D3F119DBA88800375DF8 /* YQHTTPRequestOperationManager.m in Sources */ = {isa = PBXBuildFile; fileRef = 8D86D3D319DBA88800375DF8 /* YQHTTPRequestOperationManager.m */; };
		8D86D3F219DBA88800375DF8 /* YQHTTPSessionManager.m in Sources */ = {isa = PBXBuildFile; fileRef = 8D86D3D519DBA88800375DF8 /* YQHTTPSessionManager.m */; };
		8D86D3F319DBA88800375DF8 /* YQNetworkReachabilityManager.m in Sources */ = {isa = PBXBuildFile; fileRef = 8D86D3D819DBA88800375DF8 /* YQNetworkReachabilityManager.m */; };
		8D86D3F419DBA88800375DF8 /* YQSecurityPolicy.m in Sources */ = {isa = PBXBuildFile; fileRef = 8D86D3DA19DBA88800375DF8 /* YQSecurityPolicy.m */; };
		8D86D3F519DBA88800375DF8 /* YQURLConnectionOperation.m in Sources */ = {isa = PBXBuildFile; fileRef = 8D86D3DC19DBA88800375DF8 /* YQURLConnectionOperation.m */; };
		8D86D3F619DBA88800375DF8 /* YQURLRequestSerialization.m in Sources */ = {isa = PBXBuildFile; fileRef = 8D86D3DE19DBA88800375DF8 /* YQURLRequestSerialization.m */; };
		8D86D3F719DBA88800375DF8 /* YQURLResponseSerialization.m in Sources */ = {isa = PBXBuildFile; fileRef = 8D86D3E019DBA88800375DF8 /* YQURLResponseSerialization.m */; };
		8D86D3F819DBA88800375DF8 /* YQURLSessionManager.m in Sources */ = {isa = PBXBuildFile; fileRef = 8D86D3E219DBA88800375DF8 /* YQURLSessionManager.m */; };
		8D86D3F919DBA88800375DF8 /* YQParse.m in Sources */ = {isa = PBXBuildFile; fileRef = 8D86D3E419DBA88800375DF8 /* YQParse.m */; };
		8D86D3FA19DBA88800375DF8 /* YQParseImgaeView.m in Sources */ = {isa = PBXBuildFile; fileRef = 8D86D3E719DBA88800375DF8 /* YQParseImgaeView.m */; };
		8D86D3FB19DBA88800375DF8 /* YQParseObject.m in Sources */ = {isa = PBXBuildFile; fileRef = 8D86D3E919DBA88800375DF8 /* YQParseObject.m */; };
		8D86D3FC19DBA88800375DF8 /* YQParseQuery.m in Sources */ = {isa = PBXBuildFile; fileRef = 8D86D3EB19DBA88800375DF8 /* YQParseQuery.m */; };
		8D86D3FD19DBA88800375DF8 /* YQParseRequestOperationManager.m in Sources */ = {isa = PBXBuildFile; fileRef = 8D86D3ED19DBA88800375DF8 /* YQParseRequestOperationManager.m */; };
		8D86D3FE19DBA88800375DF8 /* YQParseUser.m in Sources */ = {isa = PBXBuildFile; fileRef = 8D86D3EF19DBA88800375DF8 /* YQParseUser.m */; };
/* End PBXBuildFile section */

/* Begin PBXContainerItemProxy section */
		8D86D3BC19DBA60E00375DF8 /* PBXContainerItemProxy */ = {
			isa = PBXContainerItemProxy;
			containerPortal = 8D86D38E19DBA60C00375DF8 /* Project object */;
			proxyType = 1;
			remoteGlobalIDString = 8D86D39519DBA60C00375DF8;
			remoteInfo = "YQParse-Example";
		};
/* End PBXContainerItemProxy section */

/* Begin PBXFileReference section */
		8D24C4C21A15560A0008AC10 /* YQParseAnalytics.h */ = {isa = PBXFileReference; fileEncoding = 4; lastKnownFileType = sourcecode.c.h; path = YQParseAnalytics.h; sourceTree = "<group>"; };
		8D24C4C31A15560A0008AC10 /* YQParseAnalytics.m */ = {isa = PBXFileReference; fileEncoding = 4; lastKnownFileType = sourcecode.c.objc; path = YQParseAnalytics.m; sourceTree = "<group>"; };
		8D86D39619DBA60C00375DF8 /* YQParse-Example.app */ = {isa = PBXFileReference; explicitFileType = wrapper.application; includeInIndex = 0; path = "YQParse-Example.app"; sourceTree = BUILT_PRODUCTS_DIR; };
		8D86D39919DBA60C00375DF8 /* Foundation.framework */ = {isa = PBXFileReference; lastKnownFileType = wrapper.framework; name = Foundation.framework; path = System/Library/Frameworks/Foundation.framework; sourceTree = SDKROOT; };
		8D86D39B19DBA60C00375DF8 /* CoreGraphics.framework */ = {isa = PBXFileReference; lastKnownFileType = wrapper.framework; name = CoreGraphics.framework; path = System/Library/Frameworks/CoreGraphics.framework; sourceTree = SDKROOT; };
		8D86D39D19DBA60D00375DF8 /* UIKit.framework */ = {isa = PBXFileReference; lastKnownFileType = wrapper.framework; name = UIKit.framework; path = System/Library/Frameworks/UIKit.framework; sourceTree = SDKROOT; };
		8D86D3A119DBA60D00375DF8 /* YQParse-Example-Info.plist */ = {isa = PBXFileReference; lastKnownFileType = text.plist.xml; path = "YQParse-Example-Info.plist"; sourceTree = "<group>"; };
		8D86D3A319DBA60D00375DF8 /* en */ = {isa = PBXFileReference; lastKnownFileType = text.plist.strings; name = en; path = en.lproj/InfoPlist.strings; sourceTree = "<group>"; };
		8D86D3A519DBA60D00375DF8 /* main.m */ = {isa = PBXFileReference; lastKnownFileType = sourcecode.c.objc; path = main.m; sourceTree = "<group>"; };
		8D86D3A719DBA60D00375DF8 /* YQParse-Example-Prefix.pch */ = {isa = PBXFileReference; lastKnownFileType = sourcecode.c.h; path = "YQParse-Example-Prefix.pch"; sourceTree = "<group>"; };
		8D86D3A819DBA60D00375DF8 /* AppDelegate.h */ = {isa = PBXFileReference; lastKnownFileType = sourcecode.c.h; path = AppDelegate.h; sourceTree = "<group>"; };
		8D86D3A919DBA60D00375DF8 /* AppDelegate.m */ = {isa = PBXFileReference; lastKnownFileType = sourcecode.c.objc; path = AppDelegate.m; sourceTree = "<group>"; };
		8D86D3AC19DBA60D00375DF8 /* Base */ = {isa = PBXFileReference; lastKnownFileType = file.storyboard; name = Base; path = Base.lproj/Main.storyboard; sourceTree = "<group>"; };
		8D86D3AE19DBA60D00375DF8 /* ViewController.h */ = {isa = PBXFileReference; lastKnownFileType = sourcecode.c.h; path = ViewController.h; sourceTree = "<group>"; };
		8D86D3AF19DBA60D00375DF8 /* ViewController.m */ = {isa = PBXFileReference; lastKnownFileType = sourcecode.c.objc; path = ViewController.m; sourceTree = "<group>"; };
		8D86D3B119DBA60D00375DF8 /* Images.xcassets */ = {isa = PBXFileReference; lastKnownFileType = folder.assetcatalog; path = Images.xcassets; sourceTree = "<group>"; };
		8D86D3B719DBA60D00375DF8 /* YQParse-ExampleTests.xctest */ = {isa = PBXFileReference; explicitFileType = wrapper.cfbundle; includeInIndex = 0; path = "YQParse-ExampleTests.xctest"; sourceTree = BUILT_PRODUCTS_DIR; };
		8D86D3B819DBA60D00375DF8 /* XCTest.framework */ = {isa = PBXFileReference; lastKnownFileType = wrapper.framework; name = XCTest.framework; path = Library/Frameworks/XCTest.framework; sourceTree = DEVELOPER_DIR; };
		8D86D3C019DBA60E00375DF8 /* YQParse-ExampleTests-Info.plist */ = {isa = PBXFileReference; lastKnownFileType = text.plist.xml; path = "YQParse-ExampleTests-Info.plist"; sourceTree = "<group>"; };
		8D86D3C219DBA60E00375DF8 /* en */ = {isa = PBXFileReference; lastKnownFileType = text.plist.strings; name = en; path = en.lproj/InfoPlist.strings; sourceTree = "<group>"; };
		8D86D3C419DBA60E00375DF8 /* YQParse_ExampleTests.m */ = {isa = PBXFileReference; lastKnownFileType = sourcecode.c.objc; path = YQParse_ExampleTests.m; sourceTree = "<group>"; };
		8D86D3D019DBA88800375DF8 /* YQHTTPRequestOperation.h */ = {isa = PBXFileReference; fileEncoding = 4; lastKnownFileType = sourcecode.c.h; path = YQHTTPRequestOperation.h; sourceTree = "<group>"; };
		8D86D3D119DBA88800375DF8 /* YQHTTPRequestOperation.m */ = {isa = PBXFileReference; fileEncoding = 4; lastKnownFileType = sourcecode.c.objc; path = YQHTTPRequestOperation.m; sourceTree = "<group>"; };
		8D86D3D219DBA88800375DF8 /* YQHTTPRequestOperationManager.h */ = {isa = PBXFileReference; fileEncoding = 4; lastKnownFileType = sourcecode.c.h; path = YQHTTPRequestOperationManager.h; sourceTree = "<group>"; };
		8D86D3D319DBA88800375DF8 /* YQHTTPRequestOperationManager.m */ = {isa = PBXFileReference; fileEncoding = 4; lastKnownFileType = sourcecode.c.objc; path = YQHTTPRequestOperationManager.m; sourceTree = "<group>"; };
		8D86D3D419DBA88800375DF8 /* YQHTTPSessionManager.h */ = {isa = PBXFileReference; fileEncoding = 4; lastKnownFileType = sourcecode.c.h; path = YQHTTPSessionManager.h; sourceTree = "<group>"; };
		8D86D3D519DBA88800375DF8 /* YQHTTPSessionManager.m */ = {isa = PBXFileReference; fileEncoding = 4; lastKnownFileType = sourcecode.c.objc; path = YQHTTPSessionManager.m; sourceTree = "<group>"; };
		8D86D3D619DBA88800375DF8 /* YQNetworking.h */ = {isa = PBXFileReference; fileEncoding = 4; lastKnownFileType = sourcecode.c.h; path = YQNetworking.h; sourceTree = "<group>"; };
		8D86D3D719DBA88800375DF8 /* YQNetworkReachabilityManager.h */ = {isa = PBXFileReference; fileEncoding = 4; lastKnownFileType = sourcecode.c.h; path = YQNetworkReachabilityManager.h; sourceTree = "<group>"; };
		8D86D3D819DBA88800375DF8 /* YQNetworkReachabilityManager.m */ = {isa = PBXFileReference; fileEncoding = 4; lastKnownFileType = sourcecode.c.objc; path = YQNetworkReachabilityManager.m; sourceTree = "<group>"; };
		8D86D3D919DBA88800375DF8 /* YQSecurityPolicy.h */ = {isa = PBXFileReference; fileEncoding = 4; lastKnownFileType = sourcecode.c.h; path = YQSecurityPolicy.h; sourceTree = "<group>"; };
		8D86D3DA19DBA88800375DF8 /* YQSecurityPolicy.m */ = {isa = PBXFileReference; fileEncoding = 4; lastKnownFileType = sourcecode.c.objc; path = YQSecurityPolicy.m; sourceTree = "<group>"; };
		8D86D3DB19DBA88800375DF8 /* YQURLConnectionOperation.h */ = {isa = PBXFileReference; fileEncoding = 4; lastKnownFileType = sourcecode.c.h; path = YQURLConnectionOperation.h; sourceTree = "<group>"; };
		8D86D3DC19DBA88800375DF8 /* YQURLConnectionOperation.m */ = {isa = PBXFileReference; fileEncoding = 4; lastKnownFileType = sourcecode.c.objc; path = YQURLConnectionOperation.m; sourceTree = "<group>"; };
		8D86D3DD19DBA88800375DF8 /* YQURLRequestSerialization.h */ = {isa = PBXFileReference; fileEncoding = 4; lastKnownFileType = sourcecode.c.h; path = YQURLRequestSerialization.h; sourceTree = "<group>"; };
		8D86D3DE19DBA88800375DF8 /* YQURLRequestSerialization.m */ = {isa = PBXFileReference; fileEncoding = 4; lastKnownFileType = sourcecode.c.objc; path = YQURLRequestSerialization.m; sourceTree = "<group>"; };
		8D86D3DF19DBA88800375DF8 /* YQURLResponseSerialization.h */ = {isa = PBXFileReference; fileEncoding = 4; lastKnownFileType = sourcecode.c.h; path = YQURLResponseSerialization.h; sourceTree = "<group>"; };
		8D86D3E019DBA88800375DF8 /* YQURLResponseSerialization.m */ = {isa = PBXFileReference; fileEncoding = 4; lastKnownFileType = sourcecode.c.objc; path = YQURLResponseSerialization.m; sourceTree = "<group>"; };
		8D86D3E119DBA88800375DF8 /* YQURLSessionManager.h */ = {isa = PBXFileReference; fileEncoding = 4; lastKnownFileType = sourcecode.c.h; path = YQURLSessionManager.h; sourceTree = "<group>"; };
		8D86D3E219DBA88800375DF8 /* YQURLSessionManager.m */ = {isa = PBXFileReference; fileEncoding = 4; lastKnownFileType = sourcecode.c.objc; path = YQURLSessionManager.m; sourceTree = "<group>"; };
		8D86D3E319DBA88800375DF8 /* YQParse.h */ = {isa = PBXFileReference; fileEncoding = 4; lastKnownFileType = sourcecode.c.h; path = YQParse.h; sourceTree = "<group>"; };
		8D86D3E419DBA88800375DF8 /* YQParse.m */ = {isa = PBXFileReference; fileEncoding = 4; lastKnownFileType = sourcecode.c.objc; path = YQParse.m; sourceTree = "<group>"; };
		8D86D3E519DBA88800375DF8 /* YQParseConstants.h */ = {isa = PBXFileReference; fileEncoding = 4; lastKnownFileType = sourcecode.c.h; path = YQParseConstants.h; sourceTree = "<group>"; };
		8D86D3E619DBA88800375DF8 /* YQParseImgaeView.h */ = {isa = PBXFileReference; fileEncoding = 4; lastKnownFileType = sourcecode.c.h; path = YQParseImgaeView.h; sourceTree = "<group>"; };
		8D86D3E719DBA88800375DF8 /* YQParseImgaeView.m */ = {isa = PBXFileReference; fileEncoding = 4; lastKnownFileType = sourcecode.c.objc; path = YQParseImgaeView.m; sourceTree = "<group>"; };
		8D86D3E819DBA88800375DF8 /* YQParseObject.h */ = {isa = PBXFileReference; fileEncoding = 4; lastKnownFileType = sourcecode.c.h; path = YQParseObject.h; sourceTree = "<group>"; };
		8D86D3E919DBA88800375DF8 /* YQParseObject.m */ = {isa = PBXFileReference; fileEncoding = 4; lastKnownFileType = sourcecode.c.objc; path = YQParseObject.m; sourceTree = "<group>"; };
		8D86D3EA19DBA88800375DF8 /* YQParseQuery.h */ = {isa = PBXFileReference; fileEncoding = 4; lastKnownFileType = sourcecode.c.h; path = YQParseQuery.h; sourceTree = "<group>"; };
		8D86D3EB19DBA88800375DF8 /* YQParseQuery.m */ = {isa = PBXFileReference; fileEncoding = 4; lastKnownFileType = sourcecode.c.objc; path = YQParseQuery.m; sourceTree = "<group>"; };
		8D86D3EC19DBA88800375DF8 /* YQParseRequestOperationManager.h */ = {isa = PBXFileReference; fileEncoding = 4; lastKnownFileType = sourcecode.c.h; path = YQParseRequestOperationManager.h; sourceTree = "<group>"; };
		8D86D3ED19DBA88800375DF8 /* YQParseRequestOperationManager.m */ = {isa = PBXFileReference; fileEncoding = 4; lastKnownFileType = sourcecode.c.objc; path = YQParseRequestOperationManager.m; sourceTree = "<group>"; };
		8D86D3EE19DBA88800375DF8 /* YQParseUser.h */ = {isa = PBXFileReference; fileEncoding = 4; lastKnownFileType = sourcecode.c.h; path = YQParseUser.h; sourceTree = "<group>"; };
		8D86D3EF19DBA88800375DF8 /* YQParseUser.m */ = {isa = PBXFileReference; fileEncoding = 4; lastKnownFileType = sourcecode.c.objc; path = YQParseUser.m; sourceTree = "<group>"; };
/* End PBXFileReference section */

/* Begin PBXFrameworksBuildPhase section */
		8D86D39319DBA60C00375DF8 /* Frameworks */ = {
			isa = PBXFrameworksBuildPhase;
			buildActionMask = 2147483647;
			files = (
				8D86D39C19DBA60C00375DF8 /* CoreGraphics.framework in Frameworks */,
				8D86D39E19DBA60D00375DF8 /* UIKit.framework in Frameworks */,
				8D86D39A19DBA60C00375DF8 /* Foundation.framework in Frameworks */,
			);
			runOnlyForDeploymentPostprocessing = 0;
		};
		8D86D3B419DBA60D00375DF8 /* Frameworks */ = {
			isa = PBXFrameworksBuildPhase;
			buildActionMask = 2147483647;
			files = (
				8D86D3B919DBA60D00375DF8 /* XCTest.framework in Frameworks */,
				8D86D3BB19DBA60D00375DF8 /* UIKit.framework in Frameworks */,
				8D86D3BA19DBA60D00375DF8 /* Foundation.framework in Frameworks */,
			);
			runOnlyForDeploymentPostprocessing = 0;
		};
/* End PBXFrameworksBuildPhase section */

/* Begin PBXGroup section */
		8D86D38D19DBA60C00375DF8 = {
			isa = PBXGroup;
			children = (
				8D86D39F19DBA60D00375DF8 /* YQParse-Example */,
				8D86D3BE19DBA60E00375DF8 /* YQParse-ExampleTests */,
				8D86D39819DBA60C00375DF8 /* Frameworks */,
				8D86D39719DBA60C00375DF8 /* Products */,
			);
			sourceTree = "<group>";
		};
		8D86D39719DBA60C00375DF8 /* Products */ = {
			isa = PBXGroup;
			children = (
				8D86D39619DBA60C00375DF8 /* YQParse-Example.app */,
				8D86D3B719DBA60D00375DF8 /* YQParse-ExampleTests.xctest */,
			);
			name = Products;
			sourceTree = "<group>";
		};
		8D86D39819DBA60C00375DF8 /* Frameworks */ = {
			isa = PBXGroup;
			children = (
				8D86D39919DBA60C00375DF8 /* Foundation.framework */,
				8D86D39B19DBA60C00375DF8 /* CoreGraphics.framework */,
				8D86D39D19DBA60D00375DF8 /* UIKit.framework */,
				8D86D3B819DBA60D00375DF8 /* XCTest.framework */,
			);
			name = Frameworks;
			sourceTree = "<group>";
		};
		8D86D39F19DBA60D00375DF8 /* YQParse-Example */ = {
			isa = PBXGroup;
			children = (
				8D86D3A819DBA60D00375DF8 /* AppDelegate.h */,
				8D86D3A919DBA60D00375DF8 /* AppDelegate.m */,
				8D86D3CE19DBA88800375DF8 /* YQParse */,
				8D86D3AB19DBA60D00375DF8 /* Main.storyboard */,
				8D86D3AE19DBA60D00375DF8 /* ViewController.h */,
				8D86D3AF19DBA60D00375DF8 /* ViewController.m */,
				8D86D3B119DBA60D00375DF8 /* Images.xcassets */,
				8D86D3A019DBA60D00375DF8 /* Supporting Files */,
			);
			path = "YQParse-Example";
			sourceTree = "<group>";
		};
		8D86D3A019DBA60D00375DF8 /* Supporting Files */ = {
			isa = PBXGroup;
			children = (
				8D86D3A119DBA60D00375DF8 /* YQParse-Example-Info.plist */,
				8D86D3A219DBA60D00375DF8 /* InfoPlist.strings */,
				8D86D3A519DBA60D00375DF8 /* main.m */,
				8D86D3A719DBA60D00375DF8 /* YQParse-Example-Prefix.pch */,
			);
			name = "Supporting Files";
			sourceTree = "<group>";
		};
		8D86D3BE19DBA60E00375DF8 /* YQParse-ExampleTests */ = {
			isa = PBXGroup;
			children = (
				8D86D3C419DBA60E00375DF8 /* YQParse_ExampleTests.m */,
				8D86D3BF19DBA60E00375DF8 /* Supporting Files */,
			);
			path = "YQParse-ExampleTests";
			sourceTree = "<group>";
		};
		8D86D3BF19DBA60E00375DF8 /* Supporting Files */ = {
			isa = PBXGroup;
			children = (
				8D86D3C019DBA60E00375DF8 /* YQParse-ExampleTests-Info.plist */,
				8D86D3C119DBA60E00375DF8 /* InfoPlist.strings */,
			);
			name = "Supporting Files";
			sourceTree = "<group>";
		};
		8D86D3CE19DBA88800375DF8 /* YQParse */ = {
			isa = PBXGroup;
			children = (
				8D86D3CF19DBA88800375DF8 /* YQNetworking */,
				8D86D3E319DBA88800375DF8 /* YQParse.h */,
				8D86D3E419DBA88800375DF8 /* YQParse.m */,
				8D86D3E519DBA88800375DF8 /* YQParseConstants.h */,
				8D86D3E619DBA88800375DF8 /* YQParseImgaeView.h */,
				8D86D3E719DBA88800375DF8 /* YQParseImgaeView.m */,
				8D86D3E819DBA88800375DF8 /* YQParseObject.h */,
				8D86D3E919DBA88800375DF8 /* YQParseObject.m */,
				8D86D3EA19DBA88800375DF8 /* YQParseQuery.h */,
				8D86D3EB19DBA88800375DF8 /* YQParseQuery.m */,
				8D86D3EC19DBA88800375DF8 /* YQParseRequestOperationManager.h */,
				8D86D3ED19DBA88800375DF8 /* YQParseRequestOperationManager.m */,
				8D86D3EE19DBA88800375DF8 /* YQParseUser.h */,
				8D86D3EF19DBA88800375DF8 /* YQParseUser.m */,
				8D24C4C21A15560A0008AC10 /* YQParseAnalytics.h */,
				8D24C4C31A15560A0008AC10 /* YQParseAnalytics.m */,
			);
			path = YQParse;
			sourceTree = SOURCE_ROOT;
		};
		8D86D3CF19DBA88800375DF8 /* YQNetworking */ = {
			isa = PBXGroup;
			children = (
				8D86D3D019DBA88800375DF8 /* YQHTTPRequestOperation.h */,
				8D86D3D119DBA88800375DF8 /* YQHTTPRequestOperation.m */,
				8D86D3D219DBA88800375DF8 /* YQHTTPRequestOperationManager.h */,
				8D86D3D319DBA88800375DF8 /* YQHTTPRequestOperationManager.m */,
				8D86D3D419DBA88800375DF8 /* YQHTTPSessionManager.h */,
				8D86D3D519DBA88800375DF8 /* YQHTTPSessionManager.m */,
				8D86D3D619DBA88800375DF8 /* YQNetworking.h */,
				8D86D3D719DBA88800375DF8 /* YQNetworkReachabilityManager.h */,
				8D86D3D819DBA88800375DF8 /* YQNetworkReachabilityManager.m */,
				8D86D3D919DBA88800375DF8 /* YQSecurityPolicy.h */,
				8D86D3DA19DBA88800375DF8 /* YQSecurityPolicy.m */,
				8D86D3DB19DBA88800375DF8 /* YQURLConnectionOperation.h */,
				8D86D3DC19DBA88800375DF8 /* YQURLConnectionOperation.m */,
				8D86D3DD19DBA88800375DF8 /* YQURLRequestSerialization.h */,
				8D86D3DE19DBA88800375DF8 /* YQURLRequestSerialization.m */,
				8D86D3DF19DBA88800375DF8 /* YQURLResponseSerialization.h */,
				8D86D3E019DBA88800375DF8 /* YQURLResponseSerialization.m */,
				8D86D3E119DBA88800375DF8 /* YQURLSessionManager.h */,
				8D86D3E219DBA88800375DF8 /* YQURLSessionManager.m */,
			);
			path = YQNetworking;
			sourceTree = "<group>";
		};
/* End PBXGroup section */

/* Begin PBXNativeTarget section */
		8D86D39519DBA60C00375DF8 /* YQParse-Example */ = {
			isa = PBXNativeTarget;
			buildConfigurationList = 8D86D3C819DBA60E00375DF8 /* Build configuration list for PBXNativeTarget "YQParse-Example" */;
			buildPhases = (
				8D86D39219DBA60C00375DF8 /* Sources */,
				8D86D39319DBA60C00375DF8 /* Frameworks */,
				8D86D39419DBA60C00375DF8 /* Resources */,
			);
			buildRules = (
			);
			dependencies = (
			);
			name = "YQParse-Example";
			productName = "YQParse-Example";
			productReference = 8D86D39619DBA60C00375DF8 /* YQParse-Example.app */;
			productType = "com.apple.product-type.application";
		};
		8D86D3B619DBA60D00375DF8 /* YQParse-ExampleTests */ = {
			isa = PBXNativeTarget;
			buildConfigurationList = 8D86D3CB19DBA60E00375DF8 /* Build configuration list for PBXNativeTarget "YQParse-ExampleTests" */;
			buildPhases = (
				8D86D3B319DBA60D00375DF8 /* Sources */,
				8D86D3B419DBA60D00375DF8 /* Frameworks */,
				8D86D3B519DBA60D00375DF8 /* Resources */,
			);
			buildRules = (
			);
			dependencies = (
				8D86D3BD19DBA60E00375DF8 /* PBXTargetDependency */,
			);
			name = "YQParse-ExampleTests";
			productName = "YQParse-ExampleTests";
			productReference = 8D86D3B719DBA60D00375DF8 /* YQParse-ExampleTests.xctest */;
			productType = "com.apple.product-type.bundle.unit-test";
		};
/* End PBXNativeTarget section */

/* Begin PBXProject section */
		8D86D38E19DBA60C00375DF8 /* Project object */ = {
			isa = PBXProject;
			attributes = {
				LastUpgradeCheck = 0510;
				ORGANIZATIONNAME = yiqin;
				TargetAttributes = {
					8D86D3B619DBA60D00375DF8 = {
						TestTargetID = 8D86D39519DBA60C00375DF8;
					};
				};
			};
			buildConfigurationList = 8D86D39119DBA60C00375DF8 /* Build configuration list for PBXProject "YQParse-Example" */;
			compatibilityVersion = "Xcode 3.2";
			developmentRegion = English;
			hasScannedForEncodings = 0;
			knownRegions = (
				en,
				Base,
			);
			mainGroup = 8D86D38D19DBA60C00375DF8;
			productRefGroup = 8D86D39719DBA60C00375DF8 /* Products */;
			projectDirPath = "";
			projectRoot = "";
			targets = (
				8D86D39519DBA60C00375DF8 /* YQParse-Example */,
				8D86D3B619DBA60D00375DF8 /* YQParse-ExampleTests */,
			);
		};
/* End PBXProject section */

/* Begin PBXResourcesBuildPhase section */
		8D86D39419DBA60C00375DF8 /* Resources */ = {
			isa = PBXResourcesBuildPhase;
			buildActionMask = 2147483647;
			files = (
				8D86D3B219DBA60D00375DF8 /* Images.xcassets in Resources */,
				8D86D3A419DBA60D00375DF8 /* InfoPlist.strings in Resources */,
				8D86D3AD19DBA60D00375DF8 /* Main.storyboard in Resources */,
			);
			runOnlyForDeploymentPostprocessing = 0;
		};
		8D86D3B519DBA60D00375DF8 /* Resources */ = {
			isa = PBXResourcesBuildPhase;
			buildActionMask = 2147483647;
			files = (
				8D86D3C319DBA60E00375DF8 /* InfoPlist.strings in Resources */,
			);
			runOnlyForDeploymentPostprocessing = 0;
		};
/* End PBXResourcesBuildPhase section */

/* Begin PBXSourcesBuildPhase section */
		8D86D39219DBA60C00375DF8 /* Sources */ = {
			isa = PBXSourcesBuildPhase;
			buildActionMask = 2147483647;
			files = (
				8D86D3F519DBA88800375DF8 /* YQURLConnectionOperation.m in Sources */,
				8D86D3FB19DBA88800375DF8 /* YQParseObject.m in Sources */,
				8D24C4C41A15560A0008AC10 /* YQParseAnalytics.m in Sources */,
				8D86D3F719DBA88800375DF8 /* YQURLResponseSerialization.m in Sources */,
				8D86D3F219DBA88800375DF8 /* YQHTTPSessionManager.m in Sources */,
				8D86D3FC19DBA88800375DF8 /* YQParseQuery.m in Sources */,
				8D86D3F619DBA88800375DF8 /* YQURLRequestSerialization.m in Sources */,
				8D86D3FA19DBA88800375DF8 /* YQParseImgaeView.m in Sources */,
				8D86D3FD19DBA88800375DF8 /* YQParseRequestOperationManager.m in Sources */,
				8D86D3FE19DBA88800375DF8 /* YQParseUser.m in Sources */,
				8D86D3F819DBA88800375DF8 /* YQURLSessionManager.m in Sources */,
				8D86D3F119DBA88800375DF8 /* YQHTTPRequestOperationManager.m in Sources */,
				8D86D3B019DBA60D00375DF8 /* ViewController.m in Sources */,
				8D86D3AA19DBA60D00375DF8 /* AppDelegate.m in Sources */,
				8D86D3F319DBA88800375DF8 /* YQNetworkReachabilityManager.m in Sources */,
				8D86D3A619DBA60D00375DF8 /* main.m in Sources */,
				8D86D3F019DBA88800375DF8 /* YQHTTPRequestOperation.m in Sources */,
				8D86D3F419DBA88800375DF8 /* YQSecurityPolicy.m in Sources */,
				8D86D3F919DBA88800375DF8 /* YQParse.m in Sources */,
			);
			runOnlyForDeploymentPostprocessing = 0;
		};
		8D86D3B319DBA60D00375DF8 /* Sources */ = {
			isa = PBXSourcesBuildPhase;
			buildActionMask = 2147483647;
			files = (
				8D86D3C519DBA60E00375DF8 /* YQParse_ExampleTests.m in Sources */,
			);
			runOnlyForDeploymentPostprocessing = 0;
		};
/* End PBXSourcesBuildPhase section */

/* Begin PBXTargetDependency section */
		8D86D3BD19DBA60E00375DF8 /* PBXTargetDependency */ = {
			isa = PBXTargetDependency;
			target = 8D86D39519DBA60C00375DF8 /* YQParse-Example */;
			targetProxy = 8D86D3BC19DBA60E00375DF8 /* PBXContainerItemProxy */;
		};
/* End PBXTargetDependency section */

/* Begin PBXVariantGroup section */
		8D86D3A219DBA60D00375DF8 /* InfoPlist.strings */ = {
			isa = PBXVariantGroup;
			children = (
				8D86D3A319DBA60D00375DF8 /* en */,
			);
			name = InfoPlist.strings;
			sourceTree = "<group>";
		};
		8D86D3AB19DBA60D00375DF8 /* Main.storyboard */ = {
			isa = PBXVariantGroup;
			children = (
				8D86D3AC19DBA60D00375DF8 /* Base */,
			);
			name = Main.storyboard;
			sourceTree = "<group>";
		};
		8D86D3C119DBA60E00375DF8 /* InfoPlist.strings */ = {
			isa = PBXVariantGroup;
			children = (
				8D86D3C219DBA60E00375DF8 /* en */,
			);
			name = InfoPlist.strings;
			sourceTree = "<group>";
		};
/* End PBXVariantGroup section */

/* Begin XCBuildConfiguration section */
		8D86D3C619DBA60E00375DF8 /* Debug */ = {
			isa = XCBuildConfiguration;
			buildSettings = {
				ALWAYS_SEARCH_USER_PATHS = NO;
				CLANG_CXX_LANGUAGE_STANDARD = "gnu++0x";
				CLANG_CXX_LIBRARY = "libc++";
				CLANG_ENABLE_MODULES = YES;
				CLANG_ENABLE_OBJC_ARC = YES;
				CLANG_WARN_BOOL_CONVERSION = YES;
				CLANG_WARN_CONSTANT_CONVERSION = YES;
				CLANG_WARN_DIRECT_OBJC_ISA_USAGE = YES_ERROR;
				CLANG_WARN_EMPTY_BODY = YES;
				CLANG_WARN_ENUM_CONVERSION = YES;
				CLANG_WARN_INT_CONVERSION = YES;
				CLANG_WARN_OBJC_ROOT_CLASS = YES_ERROR;
				CLANG_WARN__DUPLICATE_METHOD_MATCH = YES;
				"CODE_SIGN_IDENTITY[sdk=iphoneos*]" = "iPhone Developer";
				COPY_PHASE_STRIP = NO;
				GCC_C_LANGUAGE_STANDARD = gnu99;
				GCC_DYNAMIC_NO_PIC = NO;
				GCC_OPTIMIZATION_LEVEL = 0;
				GCC_PREPROCESSOR_DEFINITIONS = (
					"DEBUG=1",
					"$(inherited)",
				);
				GCC_SYMBOLS_PRIVATE_EXTERN = NO;
				GCC_WARN_64_TO_32_BIT_CONVERSION = YES;
				GCC_WARN_ABOUT_RETURN_TYPE = YES_ERROR;
				GCC_WARN_UNDECLARED_SELECTOR = YES;
				GCC_WARN_UNINITIALIZED_AUTOS = YES_AGGRESSIVE;
				GCC_WARN_UNUSED_FUNCTION = YES;
				GCC_WARN_UNUSED_VARIABLE = YES;
				IPHONEOS_DEPLOYMENT_TARGET = 7.1;
				ONLY_ACTIVE_ARCH = YES;
				SDKROOT = iphoneos;
			};
			name = Debug;
		};
		8D86D3C719DBA60E00375DF8 /* Release */ = {
			isa = XCBuildConfiguration;
			buildSettings = {
				ALWAYS_SEARCH_USER_PATHS = NO;
				CLANG_CXX_LANGUAGE_STANDARD = "gnu++0x";
				CLANG_CXX_LIBRARY = "libc++";
				CLANG_ENABLE_MODULES = YES;
				CLANG_ENABLE_OBJC_ARC = YES;
				CLANG_WARN_BOOL_CONVERSION = YES;
				CLANG_WARN_CONSTANT_CONVERSION = YES;
				CLANG_WARN_DIRECT_OBJC_ISA_USAGE = YES_ERROR;
				CLANG_WARN_EMPTY_BODY = YES;
				CLANG_WARN_ENUM_CONVERSION = YES;
				CLANG_WARN_INT_CONVERSION = YES;
				CLANG_WARN_OBJC_ROOT_CLASS = YES_ERROR;
				CLANG_WARN__DUPLICATE_METHOD_MATCH = YES;
				"CODE_SIGN_IDENTITY[sdk=iphoneos*]" = "iPhone Developer";
				COPY_PHASE_STRIP = YES;
				ENABLE_NS_ASSERTIONS = NO;
				GCC_C_LANGUAGE_STANDARD = gnu99;
				GCC_WARN_64_TO_32_BIT_CONVERSION = YES;
				GCC_WARN_ABOUT_RETURN_TYPE = YES_ERROR;
				GCC_WARN_UNDECLARED_SELECTOR = YES;
				GCC_WARN_UNINITIALIZED_AUTOS = YES_AGGRESSIVE;
				GCC_WARN_UNUSED_FUNCTION = YES;
				GCC_WARN_UNUSED_VARIABLE = YES;
				IPHONEOS_DEPLOYMENT_TARGET = 7.1;
				SDKROOT = iphoneos;
				VALIDATE_PRODUCT = YES;
			};
			name = Release;
		};
		8D86D3C919DBA60E00375DF8 /* Debug */ = {
			isa = XCBuildConfiguration;
			buildSettings = {
				ASSETCATALOG_COMPILER_APPICON_NAME = AppIcon;
				ASSETCATALOG_COMPILER_LAUNCHIMAGE_NAME = LaunchImage;
				GCC_PRECOMPILE_PREFIX_HEADER = YES;
				GCC_PREFIX_HEADER = "YQParse-Example/YQParse-Example-Prefix.pch";
				INFOPLIST_FILE = "YQParse-Example/YQParse-Example-Info.plist";
				PRODUCT_NAME = "$(TARGET_NAME)";
				WRAPPER_EXTENSION = app;
			};
			name = Debug;
		};
		8D86D3CA19DBA60E00375DF8 /* Release */ = {
			isa = XCBuildConfiguration;
			buildSettings = {
				ASSETCATALOG_COMPILER_APPICON_NAME = AppIcon;
				ASSETCATALOG_COMPILER_LAUNCHIMAGE_NAME = LaunchImage;
				GCC_PRECOMPILE_PREFIX_HEADER = YES;
				GCC_PREFIX_HEADER = "YQParse-Example/YQParse-Example-Prefix.pch";
				INFOPLIST_FILE = "YQParse-Example/YQParse-Example-Info.plist";
				PRODUCT_NAME = "$(TARGET_NAME)";
				WRAPPER_EXTENSION = app;
			};
			name = Release;
		};
		8D86D3CC19DBA60E00375DF8 /* Debug */ = {
			isa = XCBuildConfiguration;
			buildSettings = {
				BUNDLE_LOADER = "$(BUILT_PRODUCTS_DIR)/YQParse-Example.app/YQParse-Example";
				FRAMEWORK_SEARCH_PATHS = (
					"$(SDKROOT)/Developer/Library/Frameworks",
					"$(inherited)",
					"$(DEVELOPER_FRAMEWORKS_DIR)",
				);
				GCC_PRECOMPILE_PREFIX_HEADER = YES;
				GCC_PREFIX_HEADER = "YQParse-Example/YQParse-Example-Prefix.pch";
				GCC_PREPROCESSOR_DEFINITIONS = (
					"DEBUG=1",
					"$(inherited)",
				);
				INFOPLIST_FILE = "YQParse-ExampleTests/YQParse-ExampleTests-Info.plist";
				PRODUCT_NAME = "$(TARGET_NAME)";
				TEST_HOST = "$(BUNDLE_LOADER)";
				WRAPPER_EXTENSION = xctest;
			};
			name = Debug;
		};
		8D86D3CD19DBA60E00375DF8 /* Release */ = {
			isa = XCBuildConfiguration;
			buildSettings = {
				BUNDLE_LOADER = "$(BUILT_PRODUCTS_DIR)/YQParse-Example.app/YQParse-Example";
				FRAMEWORK_SEARCH_PATHS = (
					"$(SDKROOT)/Developer/Library/Frameworks",
					"$(inherited)",
					"$(DEVELOPER_FRAMEWORKS_DIR)",
				);
				GCC_PRECOMPILE_PREFIX_HEADER = YES;
				GCC_PREFIX_HEADER = "YQParse-Example/YQParse-Example-Prefix.pch";
				INFOPLIST_FILE = "YQParse-ExampleTests/YQParse-ExampleTests-Info.plist";
				PRODUCT_NAME = "$(TARGET_NAME)";
				TEST_HOST = "$(BUNDLE_LOADER)";
				WRAPPER_EXTENSION = xctest;
			};
			name = Release;
		};
/* End XCBuildConfiguration section */

/* Begin XCConfigurationList section */
		8D86D39119DBA60C00375DF8 /* Build configuration list for PBXProject "YQParse-Example" */ = {
			isa = XCConfigurationList;
			buildConfigurations = (
				8D86D3C619DBA60E00375DF8 /* Debug */,
				8D86D3C719DBA60E00375DF8 /* Release */,
			);
			defaultConfigurationIsVisible = 0;
			defaultConfigurationName = Release;
		};
		8D86D3C819DBA60E00375DF8 /* Build configuration list for PBXNativeTarget "YQParse-Example" */ = {
			isa = XCConfigurationList;
			buildConfigurations = (
				8D86D3C919DBA60E00375DF8 /* Debug */,
				8D86D3CA19DBA60E00375DF8 /* Release */,
			);
			defaultConfigurationIsVisible = 0;
			defaultConfigurationName = Release;
		};
		8D86D3CB19DBA60E00375DF8 /* Build configuration list for PBXNativeTarget "YQParse-ExampleTests" */ = {
			isa = XCConfigurationList;
			buildConfigurations = (
				8D86D3CC19DBA60E00375DF8 /* Debug */,
				8D86D3CD19DBA60E00375DF8 /* Release */,
			);
			defaultConfigurationIsVisible = 0;
			defaultConfigurationName = Release;
		};
/* End XCConfigurationList section */
	};
	rootObject = 8D86D38E19DBA60C00375DF8 /* Project object */;
}
